PODS:
  - IQKeyboardManagerSwift (6.5.6)

DEPENDENCIES:
  - IQKeyboardManagerSwift

SPEC REPOS:
  trunk:
    - IQKeyboardManagerSwift

SPEC CHECKSUMS:
  IQKeyboardManagerSwift: c7df9d2deb356c04522f5c4b7b6e4ce4d8ed94fe

PODFILE CHECKSUM: 0ec0cb1208af27e63a08ebd4e6c484fd7be318d9

COCOAPODS: 1.9.0.beta.2
